
Microsoft Visual Studio Solution File, Format Version 12.00
# Visual Studio 15
VisualStudioVersion = 15.0.27004.2008
MinimumVisualStudioVersion = 10.0.40219.1
Project("{9A19103F-16F7-4668-BE54-9A1E7A4F7556}") = "Tuldok.KsuidGen", "Tuldok.KsuidGen\Tuldok.KsuidGen.csproj", "{804D5CC7-EA5E-4E9D-AED4-5F00346CB828}"
EndProject
Project("{FAE04EC0-301F-11D3-BF4B-00C04F79EFBC}") = "Tuldok.KsuidGen.Tests", "Tuldok.KsuidGen.Tests\Tuldok.KsuidGen.Tests.csproj", "{C19A91F4-CC62-4521-804B-6F20FC78FDCC}"
EndProject
Global
	GlobalSection(SolutionConfigurationPlatforms) = preSolution
		Debug|Any CPU = Debug|Any CPU
		Release|Any CPU = Release|Any CPU
	EndGlobalSection
	GlobalSection(ProjectConfigurationPlatforms) = postSolution
		{804D5CC7-EA5E-4E9D-AED4-5F00346CB828}.Debug|Any CPU.ActiveCfg = Debug|Any CPU
		{804D5CC7-EA5E-4E9D-AED4-5F00346CB828}.Debug|Any CPU.Build.0 = Debug|Any CPU
		{804D5CC7-EA5E-4E9D-AED4-5F00346CB828}.Release|Any CPU.ActiveCfg = Release|Any CPU
		{804D5CC7-EA5E-4E9D-AED4-5F00346CB828}.Release|Any CPU.Build.0 = Release|Any CPU
		{C19A91F4-CC62-4521-804B-6F20FC78FDCC}.Debug|Any CPU.ActiveCfg = Debug|Any CPU
		{C19A91F4-CC62-4521-804B-6F20FC78FDCC}.Debug|Any CPU.Build.0 = Debug|Any CPU
		{C19A91F4-CC62-4521-804B-6F20FC78FDCC}.Release|Any CPU.ActiveCfg = Release|Any CPU
		{C19A91F4-CC62-4521-804B-6F20FC78FDCC}.Release|Any CPU.Build.0 = Release|Any CPU
	EndGlobalSection
	GlobalSection(SolutionProperties) = preSolution
		HideSolutionNode = FALSE
	EndGlobalSection
	GlobalSection(ExtensibilityGlobals) = postSolution
		SolutionGuid = {690F65B5-4A9A-463B-891F-9F869C0AF947}
	EndGlobalSection
EndGlobal
